
Microsoft Visual Studio Solution File, Format Version 12.00
# Visual Studio Version 17
VisualStudioVersion = 17.9.34607.119
MinimumVisualStudioVersion = 10.0.40219.1
Project("{FAE04EC0-301F-11D3-BF4B-00C04F79EFBC}") = "TICTACTOE", "TICTACTOE.csproj", "{58C8FF13-5570-49E4-9AB1-0B3D0D3DB8B6}"
EndProject
Global
	GlobalSection(SolutionConfigurationPlatforms) = preSolution
		Debug|Any CPU = Debug|Any CPU
		Release|Any CPU = Release|Any CPU
	EndGlobalSection
	GlobalSection(ProjectConfigurationPlatforms) = postSolution
		{58C8FF13-5570-49E4-9AB1-0B3D0D3DB8B6}.Debug|Any CPU.ActiveCfg = Debug|Any CPU
		{58C8FF13-5570-49E4-9AB1-0B3D0D3DB8B6}.Debug|Any CPU.Build.0 = Debug|Any CPU
		{58C8FF13-5570-49E4-9AB1-0B3D0D3DB8B6}.Release|Any CPU.ActiveCfg = Release|Any CPU
		{58C8FF13-5570-49E4-9AB1-0B3D0D3DB8B6}.Release|Any CPU.Build.0 = Release|Any CPU
	EndGlobalSection
	GlobalSection(SolutionProperties) = preSolution
		HideSolutionNode = FALSE
	EndGlobalSection
	GlobalSection(ExtensibilityGlobals) = postSolution
		SolutionGuid = {93405F86-7318-436E-B1E5-73E6C8EEF85C}
	EndGlobalSection
EndGlobal
